Microsoft Visual Studio Solution File, Format Version 12.00
# Visual Studio Version 17
VisualStudioVersion = 17.5.2.0
MinimumVisualStudioVersion = 10.0.40219.1
Project("{FAE04EC0-301F-11D3-BF4B-00C04F79EFBC}") = "exercicio1.3", "exercicio1.3.csproj", "{53F6FC5F-94DB-47FA-AFE8-B2CE15477AB6}"
EndProject
Global
	GlobalSection(SolutionConfigurationPlatforms) = preSolution
		Debug|Any CPU = Debug|Any CPU
		Release|Any CPU = Release|Any CPU
	EndGlobalSection
	GlobalSection(ProjectConfigurationPlatforms) = postSolution
		{53F6FC5F-94DB-47FA-AFE8-B2CE15477AB6}.Debug|Any CPU.ActiveCfg = Debug|Any CPU
		{53F6FC5F-94DB-47FA-AFE8-B2CE15477AB6}.Debug|Any CPU.Build.0 = Debug|Any CPU
		{53F6FC5F-94DB-47FA-AFE8-B2CE15477AB6}.Release|Any CPU.ActiveCfg = Release|Any CPU
		{53F6FC5F-94DB-47FA-AFE8-B2CE15477AB6}.Release|Any CPU.Build.0 = Release|Any CPU
	EndGlobalSection
	GlobalSection(SolutionProperties) = preSolution
		HideSolutionNode = FALSE
	EndGlobalSection
	GlobalSection(ExtensibilityGlobals) = postSolution
		SolutionGuid = {B8A83735-D604-4307-8B5F-B8E01F058CDE}
	EndGlobalSection
EndGlobal
